schema: '2.0'
stages:
  data_ingestion:
    cmd: python src/data_ingestion.py
    deps:
    - path: src/data_ingestion.py
      hash: md5
      md5: 2f9ae70f0c1b1f0c2862c19a248e82d1
      size: 4232
    outs:
    - path: data/raw data
      hash: md5
      md5: 3b3cf3a9ca588cc150553eee569b3fe3.dir
      size: 484846
      nfiles: 2
  data_preprocessing:
    cmd: python src/data_preprocessing.py
    deps:
    - path: data/raw data
      hash: md5
      md5: 3b3cf3a9ca588cc150553eee569b3fe3.dir
      size: 484846
      nfiles: 2
    - path: src/data_preprocessing.py
      hash: md5
      md5: 357d4339271c94fc95f378760394da6d
      size: 2545
    outs:
    - path: data/interim
      hash: md5
      md5: 6d2e2504662c11b0407ce70ba7e6c5f2.dir
      size: 275719
      nfiles: 2
  feature_engineering:
    cmd: python src/feature_engineering.py
    deps:
    - path: data/interim
      hash: md5
      md5: 6d2e2504662c11b0407ce70ba7e6c5f2.dir
      size: 275719
      nfiles: 2
    - path: src/feature_engineering.py
      hash: md5
      md5: 2ba3ab23acda357b23553ea59965a7f9
      size: 3542
    outs:
    - path: data/processed
      hash: md5
      md5: 1172178ef6493ddd51d316df72e13568.dir
      size: 488341
      nfiles: 2
  model_building:
    cmd: python src/model_building.py
    deps:
    - path: data/processed
      hash: md5
      md5: 1172178ef6493ddd51d316df72e13568.dir
      size: 488341
      nfiles: 2
    - path: src/model_building.py
      hash: md5
      md5: c068b80b1239d75a3f71f32b6f9db51a
      size: 3389
    outs:
    - path: models/model.pkl
      hash: md5
      md5: a881a34bd90435a2f036de304e14ecd4
      size: 932249
  model_evaluation:
    cmd: python src/model_evaluation.py
    deps:
    - path: models/model.pkl
      hash: md5
      md5: a881a34bd90435a2f036de304e14ecd4
      size: 932249
    - path: src/model_evaluation.py
      hash: md5
      md5: 9d6df741c7fb229b91efa047194455b1
      size: 3926
    outs:
    - path: results/results.json
      hash: md5
      md5: 713a73305f45bfc18610f13b3288cba6
      size: 150
