schema: '2.0'
stages:
  data_ingestion:
    cmd: python src/data_ingestion.py
    deps:
    - path: src/data_ingestion.py
      hash: md5
      md5: 4c3c9ff2eecc346b67594952126527ae
      size: 4203
    params:
      params.yaml:
        data_ingestion.test_size: 0.2
    outs:
    - path: data/raw data
      hash: md5
      md5: 5c64a4a357e143bb0181d65a73eaf8ce.dir
      size: 484846
      nfiles: 2
  data_preprocessing:
    cmd: python src/data_preprocessing.py
    deps:
    - path: data/raw data
      hash: md5
      md5: 5c64a4a357e143bb0181d65a73eaf8ce.dir
      size: 484846
      nfiles: 2
    - path: src/data_preprocessing.py
      hash: md5
      md5: 357d4339271c94fc95f378760394da6d
      size: 2545
    outs:
    - path: data/interim
      hash: md5
      md5: 963d383aa81e16caa63f6b9e0ed9ad11.dir
      size: 273927
      nfiles: 2
  feature_engineering:
    cmd: python src/feature_engineering.py
    deps:
    - path: data/interim
      hash: md5
      md5: 963d383aa81e16caa63f6b9e0ed9ad11.dir
      size: 273927
      nfiles: 2
    - path: src/feature_engineering.py
      hash: md5
      md5: 422b62d11b56896cdb1014fa0b5a325d
      size: 3634
    params:
      params.yaml:
        feature_engineering.max_features: 32
    outs:
    - path: data/processed
      hash: md5
      md5: 6116c4e26ccb755ca53a6ad183802be0.dir
      size: 768690
      nfiles: 2
  model_building:
    cmd: python src/model_building.py
    deps:
    - path: data/processed
      hash: md5
      md5: 6116c4e26ccb755ca53a6ad183802be0.dir
      size: 768690
      nfiles: 2
    - path: src/model_building.py
      hash: md5
      md5: 24ad9681ca182f9d357bbfccb59c6314
      size: 3461
    params:
      params.yaml:
        model_building.n_estimators: 10
        model_building.random_state: 442
    outs:
    - path: models/model.pkl
      hash: md5
      md5: 8547a255e2df5b8ac0846defbf5c6755
      size: 309378
  model_evaluation:
    cmd: python src/model_evaluation.py
    deps:
    - path: models/model.pkl
      hash: md5
      md5: 8547a255e2df5b8ac0846defbf5c6755
      size: 309378
    - path: src/model_evaluation.py
      hash: md5
      md5: dfb7d02b028f1f2ffca68d0390f4ddd3
      size: 4364
    outs:
    - path: results/results.json
      hash: md5
      md5: 4bc9d702e649a05dce1b8a65f9c16474
      size: 151
