schema: '2.0'
stages:
  data_ingestion:
    cmd: python src/data_ingestion.py
    deps:
    - path: src/data_ingestion.py
      hash: md5
      md5: 4c3c9ff2eecc346b67594952126527ae
      size: 4203
    outs:
    - path: data/raw data
      hash: md5
      md5: 3683e62e0dc17db2808434c5a3702682.dir
      size: 484846
      nfiles: 2
  data_preprocessing:
    cmd: python src/data_preprocessing.py
    deps:
    - path: data/raw data
      hash: md5
      md5: 3683e62e0dc17db2808434c5a3702682.dir
      size: 484846
      nfiles: 2
    - path: src/data_preprocessing.py
      hash: md5
      md5: 357d4339271c94fc95f378760394da6d
      size: 2545
    outs:
    - path: data/interim
      hash: md5
      md5: 7636cbb671e6cac258ea9d9649f4e861.dir
      size: 275188
      nfiles: 2
  feature_engineering:
    cmd: python src/feature_engineering.py
    deps:
    - path: data/interim
      hash: md5
      md5: 7636cbb671e6cac258ea9d9649f4e861.dir
      size: 275188
      nfiles: 2
    - path: src/feature_engineering.py
      hash: md5
      md5: 422b62d11b56896cdb1014fa0b5a325d
      size: 3634
    outs:
    - path: data/processed
      hash: md5
      md5: 1fb179f6df919f8b1f527cf9336a6066.dir
      size: 841189
      nfiles: 2
  model_building:
    cmd: python src/model_building.py
    deps:
    - path: data/processed
      hash: md5
      md5: 1fb179f6df919f8b1f527cf9336a6066.dir
      size: 841189
      nfiles: 2
    - path: src/model_building.py
      hash: md5
      md5: 24ad9681ca182f9d357bbfccb59c6314
      size: 3461
    outs:
    - path: models/model.pkl
      hash: md5
      md5: 87818b8fad7a6c7b95e0afe90d2e3f79
      size: 707506
  model_evaluation:
    cmd: python src/model_evaluation.py
    deps:
    - path: models/model.pkl
      hash: md5
      md5: 87818b8fad7a6c7b95e0afe90d2e3f79
      size: 707506
    - path: src/model_evaluation.py
      hash: md5
      md5: 9d6df741c7fb229b91efa047194455b1
      size: 3926
    outs:
    - path: results/results.json
      hash: md5
      md5: 2d77bea176379d47a274043f7a98ec92
      size: 151
